
Microsoft Visual Studio Solution File, Format Version 12.00
# Visual Studio 14
VisualStudioVersion = 14.0.24720.0
MinimumVisualStudioVersion = 10.0.40219.1
Project("{FAE04EC0-301F-11D3-BF4B-00C04F79EFBC}") = "TMTech.Shared.WPFLIB", "TMTech.ePERFORM.WPFLIB\TMTech.Shared.WPFLIB.csproj", "{86D6F3B3-2301-4D4C-B3C0-1590E96B85E3}"
EndProject
Project("{2150E333-8FDC-42A3-9474-1A3956D46DE8}") = "Samples", "Samples", "{E05C4EB5-287F-4B74-BA7C-A6833A6A1C76}"
EndProject
Project("{FAE04EC0-301F-11D3-BF4B-00C04F79EFBC}") = "TestBorderlessWindow", "Samples\TestBorderlessWindow\TestBorderlessWindow.csproj", "{3A49576D-67E5-47F8-9BD2-302A42EB31DF}"
EndProject
Project("{2150E333-8FDC-42A3-9474-1A3956D46DE8}") = "Solution Items", "Solution Items", "{373FB6B9-4AC8-4DA0-9FDC-D69CFCAC92DA}"
	ProjectSection(SolutionItems) = preProject
		.gitignore = .gitignore
	EndProjectSection
EndProject
Project("{FAE04EC0-301F-11D3-BF4B-00C04F79EFBC}") = "TMTech.Shared.Utilities.Xml.UnitTest", "Samples\TMTech.Shared.Utilities.Xml.UnitTest\TMTech.Shared.Utilities.Xml.UnitTest.csproj", "{DC03D9CB-0461-4D71-B90A-6726D6B3EC81}"
EndProject
Project("{FAE04EC0-301F-11D3-BF4B-00C04F79EFBC}") = "TMTech.Shared.Utilities", "TMTech.Shared.Utilities\TMTech.Shared.Utilities.csproj", "{D038DC84-4D01-4266-81A4-2BC7E3BF4692}"
EndProject
Project("{FAE04EC0-301F-11D3-BF4B-00C04F79EFBC}") = "Tools.FilenameChanger", "Tools.FilenameChanger\Tools.FilenameChanger.csproj", "{26240816-3F16-41A8-BDCD-5A793367CB7E}"
EndProject
Global
	GlobalSection(SolutionConfigurationPlatforms) = preSolution
		Debug|Any CPU = Debug|Any CPU
		Release|Any CPU = Release|Any CPU
	EndGlobalSection
	GlobalSection(ProjectConfigurationPlatforms) = postSolution
		{86D6F3B3-2301-4D4C-B3C0-1590E96B85E3}.Debug|Any CPU.ActiveCfg = Debug|Any CPU
		{86D6F3B3-2301-4D4C-B3C0-1590E96B85E3}.Debug|Any CPU.Build.0 = Debug|Any CPU
		{86D6F3B3-2301-4D4C-B3C0-1590E96B85E3}.Release|Any CPU.ActiveCfg = Release|Any CPU
		{86D6F3B3-2301-4D4C-B3C0-1590E96B85E3}.Release|Any CPU.Build.0 = Release|Any CPU
		{3A49576D-67E5-47F8-9BD2-302A42EB31DF}.Debug|Any CPU.ActiveCfg = Debug|Any CPU
		{3A49576D-67E5-47F8-9BD2-302A42EB31DF}.Debug|Any CPU.Build.0 = Debug|Any CPU
		{3A49576D-67E5-47F8-9BD2-302A42EB31DF}.Release|Any CPU.ActiveCfg = Release|Any CPU
		{3A49576D-67E5-47F8-9BD2-302A42EB31DF}.Release|Any CPU.Build.0 = Release|Any CPU
		{DC03D9CB-0461-4D71-B90A-6726D6B3EC81}.Debug|Any CPU.ActiveCfg = Debug|Any CPU
		{DC03D9CB-0461-4D71-B90A-6726D6B3EC81}.Debug|Any CPU.Build.0 = Debug|Any CPU
		{DC03D9CB-0461-4D71-B90A-6726D6B3EC81}.Release|Any CPU.ActiveCfg = Release|Any CPU
		{DC03D9CB-0461-4D71-B90A-6726D6B3EC81}.Release|Any CPU.Build.0 = Release|Any CPU
		{D038DC84-4D01-4266-81A4-2BC7E3BF4692}.Debug|Any CPU.ActiveCfg = Debug|Any CPU
		{D038DC84-4D01-4266-81A4-2BC7E3BF4692}.Debug|Any CPU.Build.0 = Debug|Any CPU
		{D038DC84-4D01-4266-81A4-2BC7E3BF4692}.Release|Any CPU.ActiveCfg = Release|Any CPU
		{D038DC84-4D01-4266-81A4-2BC7E3BF4692}.Release|Any CPU.Build.0 = Release|Any CPU
		{26240816-3F16-41A8-BDCD-5A793367CB7E}.Debug|Any CPU.ActiveCfg = Debug|Any CPU
		{26240816-3F16-41A8-BDCD-5A793367CB7E}.Debug|Any CPU.Build.0 = Debug|Any CPU
		{26240816-3F16-41A8-BDCD-5A793367CB7E}.Release|Any CPU.ActiveCfg = Release|Any CPU
		{26240816-3F16-41A8-BDCD-5A793367CB7E}.Release|Any CPU.Build.0 = Release|Any CPU
	EndGlobalSection
	GlobalSection(SolutionProperties) = preSolution
		HideSolutionNode = FALSE
	EndGlobalSection
	GlobalSection(NestedProjects) = preSolution
		{3A49576D-67E5-47F8-9BD2-302A42EB31DF} = {E05C4EB5-287F-4B74-BA7C-A6833A6A1C76}
		{DC03D9CB-0461-4D71-B90A-6726D6B3EC81} = {E05C4EB5-287F-4B74-BA7C-A6833A6A1C76}
	EndGlobalSection
EndGlobal
