
Microsoft Visual Studio Solution File, Format Version 12.00
# Visual Studio 14
VisualStudioVersion = 14.0.25420.1
MinimumVisualStudioVersion = 10.0.40219.1
Project("{FAE04EC0-301F-11D3-BF4B-00C04F79EFBC}") = "TMTech.Shared.WPFLIB", "TMTech.ePERFORM.WPFLIB\TMTech.Shared.WPFLIB.csproj", "{86D6F3B3-2301-4D4C-B3C0-1590E96B85E3}"
EndProject
Project("{2150E333-8FDC-42A3-9474-1A3956D46DE8}") = "Samples", "Samples", "{E05C4EB5-287F-4B74-BA7C-A6833A6A1C76}"
EndProject
Project("{FAE04EC0-301F-11D3-BF4B-00C04F79EFBC}") = "TestBorderlessWindow", "Samples\TestBorderlessWindow\TestBorderlessWindow.csproj", "{3A49576D-67E5-47F8-9BD2-302A42EB31DF}"
EndProject
Project("{2150E333-8FDC-42A3-9474-1A3956D46DE8}") = "Solution Items", "Solution Items", "{373FB6B9-4AC8-4DA0-9FDC-D69CFCAC92DA}"
	ProjectSection(SolutionItems) = preProject
		.gitignore = .gitignore
	EndProjectSection
EndProject
Project("{FAE04EC0-301F-11D3-BF4B-00C04F79EFBC}") = "TMTech.Shared.Utilities.Xml.UnitTest", "Samples\TMTech.Shared.Utilities.Xml.UnitTest\TMTech.Shared.Utilities.Xml.UnitTest.csproj", "{DC03D9CB-0461-4D71-B90A-6726D6B3EC81}"
EndProject
Project("{FAE04EC0-301F-11D3-BF4B-00C04F79EFBC}") = "TMTech.Shared.Utilities", "TMTech.Shared.Utilities\TMTech.Shared.Utilities.csproj", "{D038DC84-4D01-4266-81A4-2BC7E3BF4692}"
EndProject
Project("{FAE04EC0-301F-11D3-BF4B-00C04F79EFBC}") = "Tools.FilenameChanger", "Tools.FilenameChanger\Tools.FilenameChanger.csproj", "{26240816-3F16-41A8-BDCD-5A793367CB7E}"
EndProject
Project("{FAE04EC0-301F-11D3-BF4B-00C04F79EFBC}") = "TMTech.Shared.Commands", "TMTech.Shared.Commands\TMTech.Shared.Commands.csproj", "{72052DB1-E0C3-46EF-BF82-01B96B560E6F}"
EndProject
Project("{2150E333-8FDC-42A3-9474-1A3956D46DE8}") = "lib", "lib", "{3EA7C6C1-8EBD-4F80-B49F-0DEBDC2D20F1}"
	ProjectSection(SolutionItems) = preProject
		lib\SpreadsheetGear2012.Core.dll = lib\SpreadsheetGear2012.Core.dll
		lib\SpreadsheetGear2012.Drawing.dll = lib\SpreadsheetGear2012.Drawing.dll
		lib\SpreadsheetGear2012.Windows.Forms.dll = lib\SpreadsheetGear2012.Windows.Forms.dll
		lib\SpreadsheetGear2012.Windows.Forms.Integration.dll = lib\SpreadsheetGear2012.Windows.Forms.Integration.dll
		lib\SpreadsheetGear2012.Windows.WPF.dll = lib\SpreadsheetGear2012.Windows.WPF.dll
	EndProjectSection
EndProject
Project("{FAE04EC0-301F-11D3-BF4B-00C04F79EFBC}") = "SpreadSheetGearCommandDemo", "SpreadSheetGearCommandDemo\SpreadSheetGearCommandDemo.csproj", "{67E53DD5-0769-408E-A606-D166F4B7BAF5}"
EndProject
Project("{FAE04EC0-301F-11D3-BF4B-00C04F79EFBC}") = "TMTech.Shared.WPF.Icons", "TMTech.Shared.WPF.Icons\TMTech.Shared.WPF.Icons.csproj", "{4DE770E0-F251-40EC-87B5-8DF37EEA09F6}"
EndProject
Project("{FAE04EC0-301F-11D3-BF4B-00C04F79EFBC}") = "SearchBoxDemo", "Samples\SearchBoxDemo\SearchBoxDemo.csproj", "{CE659EDE-FDE7-486C-AED0-ABAAC4E6D090}"
EndProject
Global
	GlobalSection(SolutionConfigurationPlatforms) = preSolution
		Debug|Any CPU = Debug|Any CPU
		Debug|x64 = Debug|x64
		Release|Any CPU = Release|Any CPU
		Release|x64 = Release|x64
	EndGlobalSection
	GlobalSection(ProjectConfigurationPlatforms) = postSolution
		{86D6F3B3-2301-4D4C-B3C0-1590E96B85E3}.Debug|Any CPU.ActiveCfg = Debug|Any CPU
		{86D6F3B3-2301-4D4C-B3C0-1590E96B85E3}.Debug|Any CPU.Build.0 = Debug|Any CPU
		{86D6F3B3-2301-4D4C-B3C0-1590E96B85E3}.Debug|x64.ActiveCfg = Debug|Any CPU
		{86D6F3B3-2301-4D4C-B3C0-1590E96B85E3}.Debug|x64.Build.0 = Debug|Any CPU
		{86D6F3B3-2301-4D4C-B3C0-1590E96B85E3}.Release|Any CPU.ActiveCfg = Release|Any CPU
		{86D6F3B3-2301-4D4C-B3C0-1590E96B85E3}.Release|Any CPU.Build.0 = Release|Any CPU
		{86D6F3B3-2301-4D4C-B3C0-1590E96B85E3}.Release|x64.ActiveCfg = Release|Any CPU
		{86D6F3B3-2301-4D4C-B3C0-1590E96B85E3}.Release|x64.Build.0 = Release|Any CPU
		{3A49576D-67E5-47F8-9BD2-302A42EB31DF}.Debug|Any CPU.ActiveCfg = Debug|Any CPU
		{3A49576D-67E5-47F8-9BD2-302A42EB31DF}.Debug|Any CPU.Build.0 = Debug|Any CPU
		{3A49576D-67E5-47F8-9BD2-302A42EB31DF}.Debug|x64.ActiveCfg = Debug|Any CPU
		{3A49576D-67E5-47F8-9BD2-302A42EB31DF}.Debug|x64.Build.0 = Debug|Any CPU
		{3A49576D-67E5-47F8-9BD2-302A42EB31DF}.Release|Any CPU.ActiveCfg = Release|Any CPU
		{3A49576D-67E5-47F8-9BD2-302A42EB31DF}.Release|Any CPU.Build.0 = Release|Any CPU
		{3A49576D-67E5-47F8-9BD2-302A42EB31DF}.Release|x64.ActiveCfg = Release|Any CPU
		{3A49576D-67E5-47F8-9BD2-302A42EB31DF}.Release|x64.Build.0 = Release|Any CPU
		{DC03D9CB-0461-4D71-B90A-6726D6B3EC81}.Debug|Any CPU.ActiveCfg = Debug|Any CPU
		{DC03D9CB-0461-4D71-B90A-6726D6B3EC81}.Debug|Any CPU.Build.0 = Debug|Any CPU
		{DC03D9CB-0461-4D71-B90A-6726D6B3EC81}.Debug|x64.ActiveCfg = Debug|Any CPU
		{DC03D9CB-0461-4D71-B90A-6726D6B3EC81}.Debug|x64.Build.0 = Debug|Any CPU
		{DC03D9CB-0461-4D71-B90A-6726D6B3EC81}.Release|Any CPU.ActiveCfg = Release|Any CPU
		{DC03D9CB-0461-4D71-B90A-6726D6B3EC81}.Release|Any CPU.Build.0 = Release|Any CPU
		{DC03D9CB-0461-4D71-B90A-6726D6B3EC81}.Release|x64.ActiveCfg = Release|Any CPU
		{DC03D9CB-0461-4D71-B90A-6726D6B3EC81}.Release|x64.Build.0 = Release|Any CPU
		{D038DC84-4D01-4266-81A4-2BC7E3BF4692}.Debug|Any CPU.ActiveCfg = Debug|Any CPU
		{D038DC84-4D01-4266-81A4-2BC7E3BF4692}.Debug|Any CPU.Build.0 = Debug|Any CPU
		{D038DC84-4D01-4266-81A4-2BC7E3BF4692}.Debug|x64.ActiveCfg = Debug|Any CPU
		{D038DC84-4D01-4266-81A4-2BC7E3BF4692}.Debug|x64.Build.0 = Debug|Any CPU
		{D038DC84-4D01-4266-81A4-2BC7E3BF4692}.Release|Any CPU.ActiveCfg = Release|Any CPU
		{D038DC84-4D01-4266-81A4-2BC7E3BF4692}.Release|Any CPU.Build.0 = Release|Any CPU
		{D038DC84-4D01-4266-81A4-2BC7E3BF4692}.Release|x64.ActiveCfg = Release|Any CPU
		{D038DC84-4D01-4266-81A4-2BC7E3BF4692}.Release|x64.Build.0 = Release|Any CPU
		{26240816-3F16-41A8-BDCD-5A793367CB7E}.Debug|Any CPU.ActiveCfg = Debug|Any CPU
		{26240816-3F16-41A8-BDCD-5A793367CB7E}.Debug|Any CPU.Build.0 = Debug|Any CPU
		{26240816-3F16-41A8-BDCD-5A793367CB7E}.Debug|x64.ActiveCfg = Debug|Any CPU
		{26240816-3F16-41A8-BDCD-5A793367CB7E}.Debug|x64.Build.0 = Debug|Any CPU
		{26240816-3F16-41A8-BDCD-5A793367CB7E}.Release|Any CPU.ActiveCfg = Release|Any CPU
		{26240816-3F16-41A8-BDCD-5A793367CB7E}.Release|Any CPU.Build.0 = Release|Any CPU
		{26240816-3F16-41A8-BDCD-5A793367CB7E}.Release|x64.ActiveCfg = Release|Any CPU
		{26240816-3F16-41A8-BDCD-5A793367CB7E}.Release|x64.Build.0 = Release|Any CPU
		{72052DB1-E0C3-46EF-BF82-01B96B560E6F}.Debug|Any CPU.ActiveCfg = Debug|Any CPU
		{72052DB1-E0C3-46EF-BF82-01B96B560E6F}.Debug|Any CPU.Build.0 = Debug|Any CPU
		{72052DB1-E0C3-46EF-BF82-01B96B560E6F}.Debug|x64.ActiveCfg = Debug|x64
		{72052DB1-E0C3-46EF-BF82-01B96B560E6F}.Debug|x64.Build.0 = Debug|x64
		{72052DB1-E0C3-46EF-BF82-01B96B560E6F}.Release|Any CPU.ActiveCfg = Release|Any CPU
		{72052DB1-E0C3-46EF-BF82-01B96B560E6F}.Release|Any CPU.Build.0 = Release|Any CPU
		{72052DB1-E0C3-46EF-BF82-01B96B560E6F}.Release|x64.ActiveCfg = Release|x64
		{72052DB1-E0C3-46EF-BF82-01B96B560E6F}.Release|x64.Build.0 = Release|x64
		{67E53DD5-0769-408E-A606-D166F4B7BAF5}.Debug|Any CPU.ActiveCfg = Debug|Any CPU
		{67E53DD5-0769-408E-A606-D166F4B7BAF5}.Debug|Any CPU.Build.0 = Debug|Any CPU
		{67E53DD5-0769-408E-A606-D166F4B7BAF5}.Debug|x64.ActiveCfg = Debug|Any CPU
		{67E53DD5-0769-408E-A606-D166F4B7BAF5}.Debug|x64.Build.0 = Debug|Any CPU
		{67E53DD5-0769-408E-A606-D166F4B7BAF5}.Release|Any CPU.ActiveCfg = Release|Any CPU
		{67E53DD5-0769-408E-A606-D166F4B7BAF5}.Release|Any CPU.Build.0 = Release|Any CPU
		{67E53DD5-0769-408E-A606-D166F4B7BAF5}.Release|x64.ActiveCfg = Release|Any CPU
		{67E53DD5-0769-408E-A606-D166F4B7BAF5}.Release|x64.Build.0 = Release|Any CPU
		{4DE770E0-F251-40EC-87B5-8DF37EEA09F6}.Debug|Any CPU.ActiveCfg = Debug|Any CPU
		{4DE770E0-F251-40EC-87B5-8DF37EEA09F6}.Debug|Any CPU.Build.0 = Debug|Any CPU
		{4DE770E0-F251-40EC-87B5-8DF37EEA09F6}.Debug|x64.ActiveCfg = Debug|x64
		{4DE770E0-F251-40EC-87B5-8DF37EEA09F6}.Debug|x64.Build.0 = Debug|x64
		{4DE770E0-F251-40EC-87B5-8DF37EEA09F6}.Release|Any CPU.ActiveCfg = Release|Any CPU
		{4DE770E0-F251-40EC-87B5-8DF37EEA09F6}.Release|Any CPU.Build.0 = Release|Any CPU
		{4DE770E0-F251-40EC-87B5-8DF37EEA09F6}.Release|x64.ActiveCfg = Release|x64
		{4DE770E0-F251-40EC-87B5-8DF37EEA09F6}.Release|x64.Build.0 = Release|x64
		{CE659EDE-FDE7-486C-AED0-ABAAC4E6D090}.Debug|Any CPU.ActiveCfg = Debug|Any CPU
		{CE659EDE-FDE7-486C-AED0-ABAAC4E6D090}.Debug|Any CPU.Build.0 = Debug|Any CPU
		{CE659EDE-FDE7-486C-AED0-ABAAC4E6D090}.Debug|x64.ActiveCfg = Debug|Any CPU
		{CE659EDE-FDE7-486C-AED0-ABAAC4E6D090}.Debug|x64.Build.0 = Debug|Any CPU
		{CE659EDE-FDE7-486C-AED0-ABAAC4E6D090}.Release|Any CPU.ActiveCfg = Release|Any CPU
		{CE659EDE-FDE7-486C-AED0-ABAAC4E6D090}.Release|Any CPU.Build.0 = Release|Any CPU
		{CE659EDE-FDE7-486C-AED0-ABAAC4E6D090}.Release|x64.ActiveCfg = Release|Any CPU
		{CE659EDE-FDE7-486C-AED0-ABAAC4E6D090}.Release|x64.Build.0 = Release|Any CPU
	EndGlobalSection
	GlobalSection(SolutionProperties) = preSolution
		HideSolutionNode = FALSE
	EndGlobalSection
	GlobalSection(NestedProjects) = preSolution
		{3A49576D-67E5-47F8-9BD2-302A42EB31DF} = {E05C4EB5-287F-4B74-BA7C-A6833A6A1C76}
		{DC03D9CB-0461-4D71-B90A-6726D6B3EC81} = {E05C4EB5-287F-4B74-BA7C-A6833A6A1C76}
		{3EA7C6C1-8EBD-4F80-B49F-0DEBDC2D20F1} = {373FB6B9-4AC8-4DA0-9FDC-D69CFCAC92DA}
		{67E53DD5-0769-408E-A606-D166F4B7BAF5} = {E05C4EB5-287F-4B74-BA7C-A6833A6A1C76}
		{CE659EDE-FDE7-486C-AED0-ABAAC4E6D090} = {E05C4EB5-287F-4B74-BA7C-A6833A6A1C76}
	EndGlobalSection
EndGlobal
